// !$*UTF8*$!
{
	archiveVersion = 1;
	classes = {
	};
	objectVersion = 77;
	objects = {

/* Begin PBXBuildFile section */
		0C67F4432D05E64300BD28AF /* Color+Luminance.swift in Sources */ = {isa = PBXBuildFile; fileRef = 0C67F4422D05E63E00BD28AF /* Color+Luminance.swift */; };
		0CE9914726CCC047002B61CB /* TaprBPMApp.swift in Sources */ = {isa = PBXBuildFile; fileRef = 0CE9914626CCC047002B61CB /* TaprBPMApp.swift */; };
		0CE9914926CCC047002B61CB /* ContentView.swift in Sources */ = {isa = PBXBuildFile; fileRef = 0CE9914826CCC047002B61CB /* ContentView.swift */; };
		0CE9914B26CCC048002B61CB /* Assets.xcassets in Resources */ = {isa = PBXBuildFile; fileRef = 0CE9914A26CCC048002B61CB /* Assets.xcassets */; };
		0CE9914E26CCC048002B61CB /* Preview Assets.xcassets in Resources */ = {isa = PBXBuildFile; fileRef = 0CE9914D26CCC048002B61CB /* Preview Assets.xcassets */; };
		0CE9915726CCC0B3002B61CB /* BPMView.swift in Sources */ = {isa = PBXBuildFile; fileRef = 0CE9915626CCC0B3002B61CB /* BPMView.swift */; };
		0CE9915926CCC0BB002B61CB /* BPMViewModel.swift in Sources */ = {isa = PBXBuildFile; fileRef = 0CE9915826CCC0BB002B61CB /* BPMViewModel.swift */; };
		0CE9915C26CCE8CC002B61CB /* FloatingPoint+Range.swift in Sources */ = {isa = PBXBuildFile; fileRef = 0CE9915B26CCE8CC002B61CB /* FloatingPoint+Range.swift */; };
		0CE9916B26CE0BAE002B61CB /* Raleway-Regular.ttf in Resources */ = {isa = PBXBuildFile; fileRef = 0CE9916A26CE0B8F002B61CB /* Raleway-Regular.ttf */; };
		0CE9916E26CE0DCA002B61CB /* UIFont+Custom.swift in Sources */ = {isa = PBXBuildFile; fileRef = 0CE9916D26CE0DCA002B61CB /* UIFont+Custom.swift */; };
/* End PBXBuildFile section */

/* Begin PBXFileReference section */
		0C67F4422D05E63E00BD28AF /* Color+Luminance.swift */ = {isa = PBXFileReference; lastKnownFileType = sourcecode.swift; path = "Color+Luminance.swift"; sourceTree = "<group>"; };
		0CE9914326CCC047002B61CB /* TaprBPM.app */ = {isa = PBXFileReference; explicitFileType = wrapper.application; includeInIndex = 0; path = TaprBPM.app; sourceTree = BUILT_PRODUCTS_DIR; };
		0CE9914626CCC047002B61CB /* TaprBPMApp.swift */ = {isa = PBXFileReference; lastKnownFileType = sourcecode.swift; path = TaprBPMApp.swift; sourceTree = "<group>"; };
		0CE9914826CCC047002B61CB /* ContentView.swift */ = {isa = PBXFileReference; lastKnownFileType = sourcecode.swift; path = ContentView.swift; sourceTree = "<group>"; };
		0CE9914A26CCC048002B61CB /* Assets.xcassets */ = {isa = PBXFileReference; lastKnownFileType = folder.assetcatalog; path = Assets.xcassets; sourceTree = "<group>"; };
		0CE9914D26CCC048002B61CB /* Preview Assets.xcassets */ = {isa = PBXFileReference; lastKnownFileType = folder.assetcatalog; path = "Preview Assets.xcassets"; sourceTree = "<group>"; };
		0CE9915626CCC0B3002B61CB /* BPMView.swift */ = {isa = PBXFileReference; lastKnownFileType = sourcecode.swift; path = BPMView.swift; sourceTree = "<group>"; };
		0CE9915826CCC0BB002B61CB /* BPMViewModel.swift */ = {isa = PBXFileReference; lastKnownFileType = sourcecode.swift; path = BPMViewModel.swift; sourceTree = "<group>"; };
		0CE9915B26CCE8CC002B61CB /* FloatingPoint+Range.swift */ = {isa = PBXFileReference; lastKnownFileType = sourcecode.swift; path = "FloatingPoint+Range.swift"; sourceTree = "<group>"; };
		0CE9916926CE0B2F002B61CB /* OFL.txt */ = {isa = PBXFileReference; lastKnownFileType = text; path = OFL.txt; sourceTree = "<group>"; };
		0CE9916A26CE0B8F002B61CB /* Raleway-Regular.ttf */ = {isa = PBXFileReference; lastKnownFileType = file; path = "Raleway-Regular.ttf"; sourceTree = "<group>"; };
		0CE9916C26CE0CD9002B61CB /* Info.plist */ = {isa = PBXFileReference; lastKnownFileType = text.plist; path = Info.plist; sourceTree = "<group>"; };
		0CE9916D26CE0DCA002B61CB /* UIFont+Custom.swift */ = {isa = PBXFileReference; lastKnownFileType = sourcecode.swift; path = "UIFont+Custom.swift"; sourceTree = "<group>"; };
/* End PBXFileReference section */

/* Begin PBXFrameworksBuildPhase section */
		0CE9914026CCC047002B61CB /* Frameworks */ = {
			isa = PBXFrameworksBuildPhase;
			buildActionMask = 2147483647;
			files = (
			);
			runOnlyForDeploymentPostprocessing = 0;
		};
/* End PBXFrameworksBuildPhase section */

/* Begin PBXGroup section */
		0CE9913A26CCC046002B61CB = {
			isa = PBXGroup;
			children = (
				0CE9914526CCC047002B61CB /* TaprBPM */,
				0CE9914426CCC047002B61CB /* Products */,
			);
			sourceTree = "<group>";
		};
		0CE9914426CCC047002B61CB /* Products */ = {
			isa = PBXGroup;
			children = (
				0CE9914326CCC047002B61CB /* TaprBPM.app */,
			);
			name = Products;
			sourceTree = "<group>";
		};
		0CE9914526CCC047002B61CB /* TaprBPM */ = {
			isa = PBXGroup;
			children = (
				0CE9915426CCC078002B61CB /* Views */,
				0CE9915A26CCE8B8002B61CB /* Extensions */,
				0CE9916726CE0AD4002B61CB /* Resources */,
				0CE9914C26CCC048002B61CB /* Preview Content */,
				0CE9914A26CCC048002B61CB /* Assets.xcassets */,
				0CE9916C26CE0CD9002B61CB /* Info.plist */,
				0CE9914626CCC047002B61CB /* TaprBPMApp.swift */,
			);
			path = TaprBPM;
			sourceTree = "<group>";
		};
		0CE9914C26CCC048002B61CB /* Preview Content */ = {
			isa = PBXGroup;
			children = (
				0CE9914D26CCC048002B61CB /* Preview Assets.xcassets */,
			);
			path = "Preview Content";
			sourceTree = "<group>";
		};
		0CE9915426CCC078002B61CB /* Views */ = {
			isa = PBXGroup;
			children = (
				0CE9915526CCC0A1002B61CB /* BPM */,
				0CE9914826CCC047002B61CB /* ContentView.swift */,
			);
			path = Views;
			sourceTree = "<group>";
		};
		0CE9915526CCC0A1002B61CB /* BPM */ = {
			isa = PBXGroup;
			children = (
				0CE9915826CCC0BB002B61CB /* BPMViewModel.swift */,
				0CE9915626CCC0B3002B61CB /* BPMView.swift */,
			);
			path = BPM;
			sourceTree = "<group>";
		};
		0CE9915A26CCE8B8002B61CB /* Extensions */ = {
			isa = PBXGroup;
			children = (
				0C67F4422D05E63E00BD28AF /* Color+Luminance.swift */,
				0CE9915B26CCE8CC002B61CB /* FloatingPoint+Range.swift */,
			);
			path = Extensions;
			sourceTree = "<group>";
		};
		0CE9916726CE0AD4002B61CB /* Resources */ = {
			isa = PBXGroup;
			children = (
				0CE9916826CE0ADE002B61CB /* Fonts */,
			);
			path = Resources;
			sourceTree = "<group>";
		};
		0CE9916826CE0ADE002B61CB /* Fonts */ = {
			isa = PBXGroup;
			children = (
				0CE9916D26CE0DCA002B61CB /* UIFont+Custom.swift */,
				0CE9916926CE0B2F002B61CB /* OFL.txt */,
				0CE9916A26CE0B8F002B61CB /* Raleway-Regular.ttf */,
			);
			path = Fonts;
			sourceTree = "<group>";
		};
/* End PBXGroup section */

/* Begin PBXNativeTarget section */
		0CE9914226CCC047002B61CB /* TaprBPM */ = {
			isa = PBXNativeTarget;
			buildConfigurationList = 0CE9915126CCC048002B61CB /* Build configuration list for PBXNativeTarget "TaprBPM" */;
			buildPhases = (
				0CE9913F26CCC047002B61CB /* Sources */,
				0CE9914026CCC047002B61CB /* Frameworks */,
				0CE9914126CCC047002B61CB /* Resources */,
			);
			buildRules = (
			);
			dependencies = (
			);
			name = TaprBPM;
			productName = TaprBPM;
			productReference = 0CE9914326CCC047002B61CB /* TaprBPM.app */;
			productType = "com.apple.product-type.application";
		};
/* End PBXNativeTarget section */

/* Begin PBXProject section */
		0CE9913B26CCC046002B61CB /* Project object */ = {
			isa = PBXProject;
			attributes = {
				BuildIndependentTargetsInParallel = 1;
				LastSwiftUpdateCheck = 1300;
				LastUpgradeCheck = 1610;
				TargetAttributes = {
					0CE9914226CCC047002B61CB = {
						CreatedOnToolsVersion = 13.0;
					};
				};
			};
			buildConfigurationList = 0CE9913E26CCC046002B61CB /* Build configuration list for PBXProject "TaprBPM" */;
			developmentRegion = en;
			hasScannedForEncodings = 0;
			knownRegions = (
				en,
				Base,
			);
			mainGroup = 0CE9913A26CCC046002B61CB;
			preferredProjectObjectVersion = 77;
			productRefGroup = 0CE9914426CCC047002B61CB /* Products */;
			projectDirPath = "";
			projectRoot = "";
			targets = (
				0CE9914226CCC047002B61CB /* TaprBPM */,
			);
		};
/* End PBXProject section */

/* Begin PBXResourcesBuildPhase section */
		0CE9914126CCC047002B61CB /* Resources */ = {
			isa = PBXResourcesBuildPhase;
			buildActionMask = 2147483647;
			files = (
				0CE9914E26CCC048002B61CB /* Preview Assets.xcassets in Resources */,
				0CE9916B26CE0BAE002B61CB /* Raleway-Regular.ttf in Resources */,
				0CE9914B26CCC048002B61CB /* Assets.xcassets in Resources */,
			);
			runOnlyForDeploymentPostprocessing = 0;
		};
/* End PBXResourcesBuildPhase section */

/* Begin PBXSourcesBuildPhase section */
		0CE9913F26CCC047002B61CB /* Sources */ = {
			isa = PBXSourcesBuildPhase;
			buildActionMask = 2147483647;
			files = (
				0CE9915926CCC0BB002B61CB /* BPMViewModel.swift in Sources */,
				0CE9916E26CE0DCA002B61CB /* UIFont+Custom.swift in Sources */,
				0CE9914926CCC047002B61CB /* ContentView.swift in Sources */,
				0CE9915C26CCE8CC002B61CB /* FloatingPoint+Range.swift in Sources */,
				0CE9915726CCC0B3002B61CB /* BPMView.swift in Sources */,
				0C67F4432D05E64300BD28AF /* Color+Luminance.swift in Sources */,
				0CE9914726CCC047002B61CB /* TaprBPMApp.swift in Sources */,
			);
			runOnlyForDeploymentPostprocessing = 0;
		};
/* End PBXSourcesBuildPhase section */

/* Begin XCBuildConfiguration section */
		0CE9914F26CCC048002B61CB /* Debug */ = {
			isa = XCBuildConfiguration;
			buildSettings = {
				ALWAYS_SEARCH_USER_PATHS = NO;
				ASSETCATALOG_COMPILER_GENERATE_SWIFT_ASSET_SYMBOL_EXTENSIONS = YES;
				CLANG_ANALYZER_NONNULL = YES;
				CLANG_ANALYZER_NUMBER_OBJECT_CONVERSION = YES_AGGRESSIVE;
				CLANG_CXX_LANGUAGE_STANDARD = "gnu++20";
				CLANG_CXX_LIBRARY = "libc++";
				CLANG_ENABLE_MODULES = YES;
				CLANG_ENABLE_OBJC_ARC = YES;
				CLANG_ENABLE_OBJC_WEAK = YES;
				CLANG_WARN_BLOCK_CAPTURE_AUTORELEASING = YES;
				CLANG_WARN_BOOL_CONVERSION = YES;
				CLANG_WARN_COMMA = YES;
				CLANG_WARN_CONSTANT_CONVERSION = YES;
				CLANG_WARN_DEPRECATED_OBJC_IMPLEMENTATIONS = YES;
				CLANG_WARN_DIRECT_OBJC_ISA_USAGE = YES_ERROR;
				CLANG_WARN_DOCUMENTATION_COMMENTS = YES;
				CLANG_WARN_EMPTY_BODY = YES;
				CLANG_WARN_ENUM_CONVERSION = YES;
				CLANG_WARN_INFINITE_RECURSION = YES;
				CLANG_WARN_INT_CONVERSION = YES;
				CLANG_WARN_NON_LITERAL_NULL_CONVERSION = YES;
				CLANG_WARN_OBJC_IMPLICIT_RETAIN_SELF = YES;
				CLANG_WARN_OBJC_LITERAL_CONVERSION = YES;
				CLANG_WARN_OBJC_ROOT_CLASS = YES_ERROR;
				CLANG_WARN_QUOTED_INCLUDE_IN_FRAMEWORK_HEADER = YES;
				CLANG_WARN_RANGE_LOOP_ANALYSIS = YES;
				CLANG_WARN_STRICT_PROTOTYPES = YES;
				CLANG_WARN_SUSPICIOUS_MOVE = YES;
				CLANG_WARN_UNGUARDED_AVAILABILITY = YES_AGGRESSIVE;
				CLANG_WARN_UNREACHABLE_CODE = YES;
				CLANG_WARN__DUPLICATE_METHOD_MATCH = YES;
				COPY_PHASE_STRIP = NO;
				DEBUG_INFORMATION_FORMAT = dwarf;
				ENABLE_STRICT_OBJC_MSGSEND = YES;
				ENABLE_TESTABILITY = YES;
				ENABLE_USER_SCRIPT_SANDBOXING = YES;
				GCC_C_LANGUAGE_STANDARD = gnu17;
				GCC_DYNAMIC_NO_PIC = NO;
				GCC_NO_COMMON_BLOCKS = YES;
				GCC_OPTIMIZATION_LEVEL = 0;
				GCC_PREPROCESSOR_DEFINITIONS = (
					"DEBUG=1",
					"$(inherited)",
				);
				GCC_WARN_64_TO_32_BIT_CONVERSION = YES;
				GCC_WARN_ABOUT_RETURN_TYPE = YES_ERROR;
				GCC_WARN_UNDECLARED_SELECTOR = YES;
				GCC_WARN_UNINITIALIZED_AUTOS = YES_AGGRESSIVE;
				GCC_WARN_UNUSED_FUNCTION = YES;
				GCC_WARN_UNUSED_VARIABLE = YES;
				IPHONEOS_DEPLOYMENT_TARGET = 18.0;
				MTL_ENABLE_DEBUG_INFO = INCLUDE_SOURCE;
				MTL_FAST_MATH = YES;
				ONLY_ACTIVE_ARCH = YES;
				SDKROOT = iphoneos;
				SWIFT_ACTIVE_COMPILATION_CONDITIONS = DEBUG;
				SWIFT_OPTIMIZATION_LEVEL = "-Onone";
			};
			name = Debug;
		};
		0CE9915026CCC048002B61CB /* Release */ = {
			isa = XCBuildConfiguration;
			buildSettings = {
				ALWAYS_SEARCH_USER_PATHS = NO;
				ASSETCATALOG_COMPILER_GENERATE_SWIFT_ASSET_SYMBOL_EXTENSIONS = YES;
				CLANG_ANALYZER_NONNULL = YES;
				CLANG_ANALYZER_NUMBER_OBJECT_CONVERSION = YES_AGGRESSIVE;
				CLANG_CXX_LANGUAGE_STANDARD = "gnu++20";
				CLANG_CXX_LIBRARY = "libc++";
				CLANG_ENABLE_MODULES = YES;
				CLANG_ENABLE_OBJC_ARC = YES;
				CLANG_ENABLE_OBJC_WEAK = YES;
				CLANG_WARN_BLOCK_CAPTURE_AUTORELEASING = YES;
				CLANG_WARN_BOOL_CONVERSION = YES;
				CLANG_WARN_COMMA = YES;
				CLANG_WARN_CONSTANT_CONVERSION = YES;
				CLANG_WARN_DEPRECATED_OBJC_IMPLEMENTATIONS = YES;
				CLANG_WARN_DIRECT_OBJC_ISA_USAGE = YES_ERROR;
				CLANG_WARN_DOCUMENTATION_COMMENTS = YES;
				CLANG_WARN_EMPTY_BODY = YES;
				CLANG_WARN_ENUM_CONVERSION = YES;
				CLANG_WARN_INFINITE_RECURSION = YES;
				CLANG_WARN_INT_CONVERSION = YES;
				CLANG_WARN_NON_LITERAL_NULL_CONVERSION = YES;
				CLANG_WARN_OBJC_IMPLICIT_RETAIN_SELF = YES;
				CLANG_WARN_OBJC_LITERAL_CONVERSION = YES;
				CLANG_WARN_OBJC_ROOT_CLASS = YES_ERROR;
				CLANG_WARN_QUOTED_INCLUDE_IN_FRAMEWORK_HEADER = YES;
				CLANG_WARN_RANGE_LOOP_ANALYSIS = YES;
				CLANG_WARN_STRICT_PROTOTYPES = YES;
				CLANG_WARN_SUSPICIOUS_MOVE = YES;
				CLANG_WARN_UNGUARDED_AVAILABILITY = YES_AGGRESSIVE;
				CLANG_WARN_UNREACHABLE_CODE = YES;
				CLANG_WARN__DUPLICATE_METHOD_MATCH = YES;
				COPY_PHASE_STRIP = NO;
				DEBUG_INFORMATION_FORMAT = "dwarf-with-dsym";
				ENABLE_NS_ASSERTIONS = NO;
				ENABLE_STRICT_OBJC_MSGSEND = YES;
				ENABLE_USER_SCRIPT_SANDBOXING = YES;
				GCC_C_LANGUAGE_STANDARD = gnu17;
				GCC_NO_COMMON_BLOCKS = YES;
				GCC_WARN_64_TO_32_BIT_CONVERSION = YES;
				GCC_WARN_ABOUT_RETURN_TYPE = YES_ERROR;
				GCC_WARN_UNDECLARED_SELECTOR = YES;
				GCC_WARN_UNINITIALIZED_AUTOS = YES_AGGRESSIVE;
				GCC_WARN_UNUSED_FUNCTION = YES;
				GCC_WARN_UNUSED_VARIABLE = YES;
				IPHONEOS_DEPLOYMENT_TARGET = 18.0;
				MTL_ENABLE_DEBUG_INFO = NO;
				MTL_FAST_MATH = YES;
				SDKROOT = iphoneos;
				SWIFT_COMPILATION_MODE = wholemodule;
				SWIFT_OPTIMIZATION_LEVEL = "-O";
				VALIDATE_PRODUCT = YES;
			};
			name = Release;
		};
		0CE9915226CCC048002B61CB /* Debug */ = {
			isa = XCBuildConfiguration;
			buildSettings = {
				ASSETCATALOG_COMPILER_APPICON_NAME = AppIcon;
				ASSETCATALOG_COMPILER_GLOBAL_ACCENT_COLOR_NAME = AccentColor;
				CODE_SIGN_STYLE = Automatic;
				CURRENT_PROJECT_VERSION = 1;
				DEVELOPMENT_ASSET_PATHS = "\"TaprBPM/Preview Content\"";
				ENABLE_PREVIEWS = YES;
				GENERATE_INFOPLIST_FILE = YES;
				INFOPLIST_FILE = TaprBPM/Info.plist;
				INFOPLIST_KEY_UIApplicationSceneManifest_Generation = YES;
				INFOPLIST_KEY_UIApplicationSupportsIndirectInputEvents = YES;
				INFOPLIST_KEY_UILaunchScreen_Generation = YES;
				INFOPLIST_KEY_UISupportedInterfaceOrientations_iPad = "UIInterfaceOrientationPortrait UIInterfaceOrientationPortraitUpsideDown UIInterfaceOrientationLandscapeLeft UIInterfaceOrientationLandscapeRight";
				INFOPLIST_KEY_UISupportedInterfaceOrientations_iPhone = "UIInterfaceOrientationPortrait UIInterfaceOrientationLandscapeLeft UIInterfaceOrientationLandscapeRight";
				IPHONEOS_DEPLOYMENT_TARGET = 18.0;
				LD_RUNPATH_SEARCH_PATHS = (
					"$(inherited)",
					"@executable_path/Frameworks",
				);
				MARKETING_VERSION = 1.0;
				PRODUCT_BUNDLE_IDENTIFIER = nz.liambyrne.TaprBPM;
				PRODUCT_NAME = "$(TARGET_NAME)";
				SWIFT_EMIT_LOC_STRINGS = YES;
				SWIFT_VERSION = 5.0;
				TARGETED_DEVICE_FAMILY = "1,2";
			};
			name = Debug;
		};
		0CE9915326CCC048002B61CB /* Release */ = {
			isa = XCBuildConfiguration;
			buildSettings = {
				ASSETCATALOG_COMPILER_APPICON_NAME = AppIcon;
				ASSETCATALOG_COMPILER_GLOBAL_ACCENT_COLOR_NAME = AccentColor;
				CODE_SIGN_STYLE = Automatic;
				CURRENT_PROJECT_VERSION = 1;
				DEVELOPMENT_ASSET_PATHS = "\"TaprBPM/Preview Content\"";
				ENABLE_PREVIEWS = YES;
				GENERATE_INFOPLIST_FILE = YES;
				INFOPLIST_FILE = TaprBPM/Info.plist;
				INFOPLIST_KEY_UIApplicationSceneManifest_Generation = YES;
				INFOPLIST_KEY_UIApplicationSupportsIndirectInputEvents = YES;
				INFOPLIST_KEY_UILaunchScreen_Generation = YES;
				INFOPLIST_KEY_UISupportedInterfaceOrientations_iPad = "UIInterfaceOrientationPortrait UIInterfaceOrientationPortraitUpsideDown UIInterfaceOrientationLandscapeLeft UIInterfaceOrientationLandscapeRight";
				INFOPLIST_KEY_UISupportedInterfaceOrientations_iPhone = "UIInterfaceOrientationPortrait UIInterfaceOrientationLandscapeLeft UIInterfaceOrientationLandscapeRight";
				IPHONEOS_DEPLOYMENT_TARGET = 18.0;
				LD_RUNPATH_SEARCH_PATHS = (
					"$(inherited)",
					"@executable_path/Frameworks",
				);
				MARKETING_VERSION = 1.0;
				PRODUCT_BUNDLE_IDENTIFIER = nz.liambyrne.TaprBPM;
				PRODUCT_NAME = "$(TARGET_NAME)";
				SWIFT_EMIT_LOC_STRINGS = YES;
				SWIFT_VERSION = 5.0;
				TARGETED_DEVICE_FAMILY = "1,2";
			};
			name = Release;
		};
/* End XCBuildConfiguration section */

/* Begin XCConfigurationList section */
		0CE9913E26CCC046002B61CB /* Build configuration list for PBXProject "TaprBPM" */ = {
			isa = XCConfigurationList;
			buildConfigurations = (
				0CE9914F26CCC048002B61CB /* Debug */,
				0CE9915026CCC048002B61CB /* Release */,
			);
			defaultConfigurationIsVisible = 0;
			defaultConfigurationName = Release;
		};
		0CE9915126CCC048002B61CB /* Build configuration list for PBXNativeTarget "TaprBPM" */ = {
			isa = XCConfigurationList;
			buildConfigurations = (
				0CE9915226CCC048002B61CB /* Debug */,
				0CE9915326CCC048002B61CB /* Release */,
			);
			defaultConfigurationIsVisible = 0;
			defaultConfigurationName = Release;
		};
/* End XCConfigurationList section */
	};
	rootObject = 0CE9913B26CCC046002B61CB /* Project object */;
}
